
Microsoft Visual Studio Solution File, Format Version 12.00
Project("{FAE04EC0-301F-11D3-BF4B-00C04F79EFBC}") = "LinqCollectionsDemo", "LinqCollectionsDemo.csproj", "{7FC71E91-6560-4E23-9082-29F47CF52A2B}"
EndProject
Global
	GlobalSection(SolutionConfigurationPlatforms) = preSolution
		Debug|Any CPU = Debug|Any CPU
		Release|Any CPU = Release|Any CPU
	EndGlobalSection
	GlobalSection(ProjectConfigurationPlatforms) = postSolution
		{7FC71E91-6560-4E23-9082-29F47CF52A2B}.Debug|Any CPU.ActiveCfg = Debug|Any CPU
		{7FC71E91-6560-4E23-9082-29F47CF52A2B}.Debug|Any CPU.Build.0 = Debug|Any CPU
		{7FC71E91-6560-4E23-9082-29F47CF52A2B}.Release|Any CPU.ActiveCfg = Release|Any CPU
		{7FC71E91-6560-4E23-9082-29F47CF52A2B}.Release|Any CPU.Build.0 = Release|Any CPU
	EndGlobalSection
EndGlobal
